
Microsoft Visual Studio Solution File, Format Version 12.00
Project("{2150E333-8FDC-42A3-9474-1A3956D46DE8}") = "Tools", "Tools", "{DF18455E-FE04-4B31-8A8A-493E2B0DA1E1}"
EndProject
Project("{FAE04EC0-301F-11D3-BF4B-00C04F79EFBC}") = "Api", "Api\Api.csproj", "{CA042903-528F-4897-B875-C07683A58D35}"
EndProject
Project("{FAE04EC0-301F-11D3-BF4B-00C04F79EFBC}") = "Domain", "Domain\Domain.csproj", "{41F753F7-0633-481D-A4AC-05FB8487E6D9}"
EndProject
Project("{FAE04EC0-301F-11D3-BF4B-00C04F79EFBC}") = "Database", "Database\Database.csproj", "{53B82A1A-8F2A-4339-9174-BE936012D28C}"
EndProject
Project("{FAE04EC0-301F-11D3-BF4B-00C04F79EFBC}") = "Migrations", "Migrations\Migrations.csproj", "{D0FE394C-333C-4796-B3A7-2F699CEDA694}"
EndProject
Project("{2150E333-8FDC-42A3-9474-1A3956D46DE8}") = "Shared", "Shared", "{540BC87C-0FB6-4EE5-AD09-8407C4A21DF6}"
EndProject
Project("{FAE04EC0-301F-11D3-BF4B-00C04F79EFBC}") = "Shared.Domain", "Shared.Domain\Shared.Domain.csproj", "{823B01B9-DB36-407C-A5D0-2573102851F4}"
EndProject
Project("{FAE04EC0-301F-11D3-BF4B-00C04F79EFBC}") = "Shared.Api", "Shared.Api\Shared.Api.csproj", "{DBE0EB63-7417-4A3C-8AC0-85F1BFCF111D}"
EndProject
Project("{FAE04EC0-301F-11D3-BF4B-00C04F79EFBC}") = "Shared.Database", "Shared.Database\Shared.Database.csproj", "{C49EA087-6D16-45FE-85BB-6A70B477A1A3}"
EndProject
Project("{2150E333-8FDC-42A3-9474-1A3956D46DE8}") = "Tests", "Tests", "{A336128B-6426-447B-A077-CF10D4CC7341}"
EndProject
Project("{FAE04EC0-301F-11D3-BF4B-00C04F79EFBC}") = "Domain.Tests", "Domain.Tests\Domain.Tests.csproj", "{AEFA40EF-7BEA-40C9-92D1-3D6A1C47FAEB}"
EndProject
Project("{FAE04EC0-301F-11D3-BF4B-00C04F79EFBC}") = "MigrationsRunner", "MigrationsRunner\MigrationsRunner.csproj", "{8FE9DEC2-FF32-4081-B890-E76EA6C233CF}"
EndProject
Project("{FAE04EC0-301F-11D3-BF4B-00C04F79EFBC}") = "Jobs", "Jobs\Jobs.csproj", "{DAA8F201-1A97-45DF-B1F3-BBE9E0791B43}"
EndProject
Global
	GlobalSection(SolutionConfigurationPlatforms) = preSolution
		Debug|Any CPU = Debug|Any CPU
		Release|Any CPU = Release|Any CPU
	EndGlobalSection
	GlobalSection(ProjectConfigurationPlatforms) = postSolution
		{CA042903-528F-4897-B875-C07683A58D35}.Debug|Any CPU.ActiveCfg = Debug|Any CPU
		{CA042903-528F-4897-B875-C07683A58D35}.Debug|Any CPU.Build.0 = Debug|Any CPU
		{CA042903-528F-4897-B875-C07683A58D35}.Release|Any CPU.ActiveCfg = Release|Any CPU
		{CA042903-528F-4897-B875-C07683A58D35}.Release|Any CPU.Build.0 = Release|Any CPU
		{41F753F7-0633-481D-A4AC-05FB8487E6D9}.Debug|Any CPU.ActiveCfg = Debug|Any CPU
		{41F753F7-0633-481D-A4AC-05FB8487E6D9}.Debug|Any CPU.Build.0 = Debug|Any CPU
		{41F753F7-0633-481D-A4AC-05FB8487E6D9}.Release|Any CPU.ActiveCfg = Release|Any CPU
		{41F753F7-0633-481D-A4AC-05FB8487E6D9}.Release|Any CPU.Build.0 = Release|Any CPU
		{53B82A1A-8F2A-4339-9174-BE936012D28C}.Debug|Any CPU.ActiveCfg = Debug|Any CPU
		{53B82A1A-8F2A-4339-9174-BE936012D28C}.Debug|Any CPU.Build.0 = Debug|Any CPU
		{53B82A1A-8F2A-4339-9174-BE936012D28C}.Release|Any CPU.ActiveCfg = Release|Any CPU
		{53B82A1A-8F2A-4339-9174-BE936012D28C}.Release|Any CPU.Build.0 = Release|Any CPU
		{D0FE394C-333C-4796-B3A7-2F699CEDA694}.Debug|Any CPU.ActiveCfg = Debug|Any CPU
		{D0FE394C-333C-4796-B3A7-2F699CEDA694}.Debug|Any CPU.Build.0 = Debug|Any CPU
		{D0FE394C-333C-4796-B3A7-2F699CEDA694}.Release|Any CPU.ActiveCfg = Release|Any CPU
		{D0FE394C-333C-4796-B3A7-2F699CEDA694}.Release|Any CPU.Build.0 = Release|Any CPU
		{823B01B9-DB36-407C-A5D0-2573102851F4}.Debug|Any CPU.ActiveCfg = Debug|Any CPU
		{823B01B9-DB36-407C-A5D0-2573102851F4}.Debug|Any CPU.Build.0 = Debug|Any CPU
		{823B01B9-DB36-407C-A5D0-2573102851F4}.Release|Any CPU.ActiveCfg = Release|Any CPU
		{823B01B9-DB36-407C-A5D0-2573102851F4}.Release|Any CPU.Build.0 = Release|Any CPU
		{DBE0EB63-7417-4A3C-8AC0-85F1BFCF111D}.Debug|Any CPU.ActiveCfg = Debug|Any CPU
		{DBE0EB63-7417-4A3C-8AC0-85F1BFCF111D}.Debug|Any CPU.Build.0 = Debug|Any CPU
		{DBE0EB63-7417-4A3C-8AC0-85F1BFCF111D}.Release|Any CPU.ActiveCfg = Release|Any CPU
		{DBE0EB63-7417-4A3C-8AC0-85F1BFCF111D}.Release|Any CPU.Build.0 = Release|Any CPU
		{C49EA087-6D16-45FE-85BB-6A70B477A1A3}.Debug|Any CPU.ActiveCfg = Debug|Any CPU
		{C49EA087-6D16-45FE-85BB-6A70B477A1A3}.Debug|Any CPU.Build.0 = Debug|Any CPU
		{C49EA087-6D16-45FE-85BB-6A70B477A1A3}.Release|Any CPU.ActiveCfg = Release|Any CPU
		{C49EA087-6D16-45FE-85BB-6A70B477A1A3}.Release|Any CPU.Build.0 = Release|Any CPU
		{AEFA40EF-7BEA-40C9-92D1-3D6A1C47FAEB}.Debug|Any CPU.ActiveCfg = Debug|Any CPU
		{AEFA40EF-7BEA-40C9-92D1-3D6A1C47FAEB}.Debug|Any CPU.Build.0 = Debug|Any CPU
		{AEFA40EF-7BEA-40C9-92D1-3D6A1C47FAEB}.Release|Any CPU.ActiveCfg = Release|Any CPU
		{AEFA40EF-7BEA-40C9-92D1-3D6A1C47FAEB}.Release|Any CPU.Build.0 = Release|Any CPU
		{8FE9DEC2-FF32-4081-B890-E76EA6C233CF}.Debug|Any CPU.ActiveCfg = Debug|Any CPU
		{8FE9DEC2-FF32-4081-B890-E76EA6C233CF}.Debug|Any CPU.Build.0 = Debug|Any CPU
		{8FE9DEC2-FF32-4081-B890-E76EA6C233CF}.Release|Any CPU.ActiveCfg = Release|Any CPU
		{8FE9DEC2-FF32-4081-B890-E76EA6C233CF}.Release|Any CPU.Build.0 = Release|Any CPU
		{DAA8F201-1A97-45DF-B1F3-BBE9E0791B43}.Debug|Any CPU.ActiveCfg = Debug|Any CPU
		{DAA8F201-1A97-45DF-B1F3-BBE9E0791B43}.Debug|Any CPU.Build.0 = Debug|Any CPU
		{DAA8F201-1A97-45DF-B1F3-BBE9E0791B43}.Release|Any CPU.ActiveCfg = Release|Any CPU
		{DAA8F201-1A97-45DF-B1F3-BBE9E0791B43}.Release|Any CPU.Build.0 = Release|Any CPU
	EndGlobalSection
	GlobalSection(NestedProjects) = preSolution
		{823B01B9-DB36-407C-A5D0-2573102851F4} = {540BC87C-0FB6-4EE5-AD09-8407C4A21DF6}
		{DBE0EB63-7417-4A3C-8AC0-85F1BFCF111D} = {540BC87C-0FB6-4EE5-AD09-8407C4A21DF6}
		{C49EA087-6D16-45FE-85BB-6A70B477A1A3} = {540BC87C-0FB6-4EE5-AD09-8407C4A21DF6}
		{AEFA40EF-7BEA-40C9-92D1-3D6A1C47FAEB} = {A336128B-6426-447B-A077-CF10D4CC7341}
		{8FE9DEC2-FF32-4081-B890-E76EA6C233CF} = {DF18455E-FE04-4B31-8A8A-493E2B0DA1E1}
	EndGlobalSection
EndGlobal
